
Microsoft Visual Studio Solution File, Format Version 12.00
# Visual Studio Version 17
VisualStudioVersion = 17.0.31903.59
MinimumVisualStudioVersion = 10.0.40219.1
Project("{FAE04EC0-301F-11D3-BF4B-00C04F79EFBC}") = "Sales.API", "Sales.API\Sales.API.csproj", "{72860732-DD28-455F-9DC7-DD6E4A1FD4F2}"
EndProject
Project("{FAE04EC0-301F-11D3-BF4B-00C04F79EFBC}") = "Sales.Application", "Sales.Application\Sales.Application.csproj", "{69F51054-9AB4-4717-BDAF-C42FE51FA9C4}"
EndProject
Project("{FAE04EC0-301F-11D3-BF4B-00C04F79EFBC}") = "Sales.Domain", "Sales.Domain\Sales.Domain.csproj", "{59E5EABE-E634-4661-91F1-9C372E50A8E8}"
EndProject
Project("{FAE04EC0-301F-11D3-BF4B-00C04F79EFBC}") = "Sales.Infrastructure", "Sales.Infrastructure\Sales.Infrastructure.csproj", "{81E1CEDC-C92B-4362-8245-FA90F4188380}"
EndProject
Global
	GlobalSection(SolutionConfigurationPlatforms) = preSolution
		Debug|Any CPU = Debug|Any CPU
		Debug|x64 = Debug|x64
		Debug|x86 = Debug|x86
		Release|Any CPU = Release|Any CPU
		Release|x64 = Release|x64
		Release|x86 = Release|x86
	EndGlobalSection
	GlobalSection(ProjectConfigurationPlatforms) = postSolution
		{72860732-DD28-455F-9DC7-DD6E4A1FD4F2}.Debug|Any CPU.ActiveCfg = Debug|Any CPU
		{72860732-DD28-455F-9DC7-DD6E4A1FD4F2}.Debug|Any CPU.Build.0 = Debug|Any CPU
		{72860732-DD28-455F-9DC7-DD6E4A1FD4F2}.Debug|x64.ActiveCfg = Debug|Any CPU
		{72860732-DD28-455F-9DC7-DD6E4A1FD4F2}.Debug|x64.Build.0 = Debug|Any CPU
		{72860732-DD28-455F-9DC7-DD6E4A1FD4F2}.Debug|x86.ActiveCfg = Debug|Any CPU
		{72860732-DD28-455F-9DC7-DD6E4A1FD4F2}.Debug|x86.Build.0 = Debug|Any CPU
		{72860732-DD28-455F-9DC7-DD6E4A1FD4F2}.Release|Any CPU.ActiveCfg = Release|Any CPU
		{72860732-DD28-455F-9DC7-DD6E4A1FD4F2}.Release|Any CPU.Build.0 = Release|Any CPU
		{72860732-DD28-455F-9DC7-DD6E4A1FD4F2}.Release|x64.ActiveCfg = Release|Any CPU
		{72860732-DD28-455F-9DC7-DD6E4A1FD4F2}.Release|x64.Build.0 = Release|Any CPU
		{72860732-DD28-455F-9DC7-DD6E4A1FD4F2}.Release|x86.ActiveCfg = Release|Any CPU
		{72860732-DD28-455F-9DC7-DD6E4A1FD4F2}.Release|x86.Build.0 = Release|Any CPU
		{69F51054-9AB4-4717-BDAF-C42FE51FA9C4}.Debug|Any CPU.ActiveCfg = Debug|Any CPU
		{69F51054-9AB4-4717-BDAF-C42FE51FA9C4}.Debug|Any CPU.Build.0 = Debug|Any CPU
		{69F51054-9AB4-4717-BDAF-C42FE51FA9C4}.Debug|x64.ActiveCfg = Debug|Any CPU
		{69F51054-9AB4-4717-BDAF-C42FE51FA9C4}.Debug|x64.Build.0 = Debug|Any CPU
		{69F51054-9AB4-4717-BDAF-C42FE51FA9C4}.Debug|x86.ActiveCfg = Debug|Any CPU
		{69F51054-9AB4-4717-BDAF-C42FE51FA9C4}.Debug|x86.Build.0 = Debug|Any CPU
		{69F51054-9AB4-4717-BDAF-C42FE51FA9C4}.Release|Any CPU.ActiveCfg = Release|Any CPU
		{69F51054-9AB4-4717-BDAF-C42FE51FA9C4}.Release|Any CPU.Build.0 = Release|Any CPU
		{69F51054-9AB4-4717-BDAF-C42FE51FA9C4}.Release|x64.ActiveCfg = Release|Any CPU
		{69F51054-9AB4-4717-BDAF-C42FE51FA9C4}.Release|x64.Build.0 = Release|Any CPU
		{69F51054-9AB4-4717-BDAF-C42FE51FA9C4}.Release|x86.ActiveCfg = Release|Any CPU
		{69F51054-9AB4-4717-BDAF-C42FE51FA9C4}.Release|x86.Build.0 = Release|Any CPU
		{59E5EABE-E634-4661-91F1-9C372E50A8E8}.Debug|Any CPU.ActiveCfg = Debug|Any CPU
		{59E5EABE-E634-4661-91F1-9C372E50A8E8}.Debug|Any CPU.Build.0 = Debug|Any CPU
		{59E5EABE-E634-4661-91F1-9C372E50A8E8}.Debug|x64.ActiveCfg = Debug|Any CPU
		{59E5EABE-E634-4661-91F1-9C372E50A8E8}.Debug|x64.Build.0 = Debug|Any CPU
		{59E5EABE-E634-4661-91F1-9C372E50A8E8}.Debug|x86.ActiveCfg = Debug|Any CPU
		{59E5EABE-E634-4661-91F1-9C372E50A8E8}.Debug|x86.Build.0 = Debug|Any CPU
		{59E5EABE-E634-4661-91F1-9C372E50A8E8}.Release|Any CPU.ActiveCfg = Release|Any CPU
		{59E5EABE-E634-4661-91F1-9C372E50A8E8}.Release|Any CPU.Build.0 = Release|Any CPU
		{59E5EABE-E634-4661-91F1-9C372E50A8E8}.Release|x64.ActiveCfg = Release|Any CPU
		{59E5EABE-E634-4661-91F1-9C372E50A8E8}.Release|x64.Build.0 = Release|Any CPU
		{59E5EABE-E634-4661-91F1-9C372E50A8E8}.Release|x86.ActiveCfg = Release|Any CPU
		{59E5EABE-E634-4661-91F1-9C372E50A8E8}.Release|x86.Build.0 = Release|Any CPU
		{81E1CEDC-C92B-4362-8245-FA90F4188380}.Debug|Any CPU.ActiveCfg = Debug|Any CPU
		{81E1CEDC-C92B-4362-8245-FA90F4188380}.Debug|Any CPU.Build.0 = Debug|Any CPU
		{81E1CEDC-C92B-4362-8245-FA90F4188380}.Debug|x64.ActiveCfg = Debug|Any CPU
		{81E1CEDC-C92B-4362-8245-FA90F4188380}.Debug|x64.Build.0 = Debug|Any CPU
		{81E1CEDC-C92B-4362-8245-FA90F4188380}.Debug|x86.ActiveCfg = Debug|Any CPU
		{81E1CEDC-C92B-4362-8245-FA90F4188380}.Debug|x86.Build.0 = Debug|Any CPU
		{81E1CEDC-C92B-4362-8245-FA90F4188380}.Release|Any CPU.ActiveCfg = Release|Any CPU
		{81E1CEDC-C92B-4362-8245-FA90F4188380}.Release|Any CPU.Build.0 = Release|Any CPU
		{81E1CEDC-C92B-4362-8245-FA90F4188380}.Release|x64.ActiveCfg = Release|Any CPU
		{81E1CEDC-C92B-4362-8245-FA90F4188380}.Release|x64.Build.0 = Release|Any CPU
		{81E1CEDC-C92B-4362-8245-FA90F4188380}.Release|x86.ActiveCfg = Release|Any CPU
		{81E1CEDC-C92B-4362-8245-FA90F4188380}.Release|x86.Build.0 = Release|Any CPU
	EndGlobalSection
	GlobalSection(SolutionProperties) = preSolution
		HideSolutionNode = FALSE
	EndGlobalSection
EndGlobal
